github.com/JamesLMilner/pip-go v0.0.0-20180711171552-99c4cbbc7deb h1:bjNgq82N34iXnqnnKejMvzBlOPhVZIF/7wW4nN7IZAc=
github.com/JamesLMilner/pip-go v0.0.0-20180711171552-99c4cbbc7deb/go.mod h1:wGn12HkuV+58JRmRJS/5ARIsZIKULU14B6j16mkVqOo=
github.com/JamesMilnerUK/pip-go v0.0.0-20180711171552-99c4cbbc7deb h1:W/OhKqLweV7gxB3c+7mFXuyfcL0U1NmoHSEzbF8EkEY=
github.com/JamesMilnerUK/pip-go v0.0.0-20180711171552-99c4cbbc7deb/go.mod h1:gK3x51Z7zjeJDyfflentJDU2TKw093HMN8x0VnZmPWg=
github.com/creack/goselect v0.1.2 h1:2DNy14+JPjRBgPzAd1thbQp4BSIihxcBf0IXhQXDRa0=
github.com/creack/goselect v0.1.2/go.mod h1:a/NhLweNvqIYMuxcMOuWY516Cimucms3DglDzQP3hKY=
github.com/davecgh/go-spew v1.1.0 h1:ZDRjVQ15GmhC3fiQ8ni8+OwkZQO4DARzQgrnXU1Liz8=
github.com/davecgh/go-spew v1.1.0/go.mod h1:J7Y8YcW2NihsgmVo/mv3lAwl/skON4iLHjSsI+c5H38=
github.com/davecgh/go-spew v1.1.1/go.mod h1:J7Y8YcW2NihsgmVo/mv3lAwl/skON4iLHjSsI+c5H38=
github.com/fatih/structs v1.1.0 h1:Q7juDM0QtcnhCpeyLGQKyg4TOIghuNXrkL32pHAUMxo=
github.com/fatih/structs v1.1.0/go.mod h1:9NiDSp5zOcgEDl+j00MP/WkGVPOlPRLejGD8Ga6PJ7M=
github.com/frifox/ds5 v0.0.0-20211014022620-7e82824a02d5 h1:ZrXnI3dOnnb7eNWQLbn7cq7ptJEzwvcqFAPNVQK3l48=
github.com/frifox/ds5 v0.0.0-20211014022620-7e82824a02d5/go.mod h1:Nwr+ePwAy62CuvpDIGAr/OoUejldhEY4s9jAm3nJJ6U=
github.com/frifox/ds5 v0.0.0-20211014195238-01f824a74815 h1:3rzqjocc9OgET3HqjY3tRHRHr6OLoT3GMI/+KKVONfI=
github.com/frifox/ds5 v0.0.0-20211014195238-01f824a74815/go.mod h1:Nwr+ePwAy62CuvpDIGAr/OoUejldhEY4s9jAm3nJJ6U=
github.com/frifox/ds5 v0.0.0-20211018201553-b66a49cb4bb0 h1:HSnGBJAy/jnB0FJyjtJ9bMwUqOUWm2qN8h6Zh4WAc3g=
github.com/frifox/ds5 v0.0.0-20211018201553-b66a49cb4bb0/go.mod h1:Nwr+ePwAy62CuvpDIGAr/OoUejldhEY4s9jAm3nJJ6U=
github.com/frifox/ds5 v0.0.0-20211020023633-779213e77225 h1:SRVyTEv13Ih4y/GOdCsuLAiH2/+03STGQ8MzsQkRXtI=
github.com/frifox/ds5 v0.0.0-20211020023633-779213e77225/go.mod h1:qhyZgydU5s8PliI2uS4fynFmVHhkCxrm8xa+8uPKc9Y=
github.com/frifox/ds5 v0.0.0-20211025011741-9a673a82f50e h1:xCR7TxTkKqnCrOE1YpZ/IZsIqhybsjx47VnVjtlgc54=
github.com/frifox/ds5 v0.0.0-20211025011741-9a673a82f50e/go.mod h1:qhyZgydU5s8PliI2uS4fynFmVHhkCxrm8xa+8uPKc9Y=
github.com/frifox/ds5 v0.0.0-20211025012023-827bd2edf35c h1:sTS9CjusFSbmdhnPop2o8rfdf447won234ZlK3HXhe0=
github.com/frifox/ds5 v0.0.0-20211025012023-827bd2edf35c/go.mod h1:qhyZgydU5s8PliI2uS4fynFmVHhkCxrm8xa+8uPKc9Y=
github.com/frifox/ds5 v0.0.0-20211025012154-5e82bf017817 h1:/jVwl+Y8rSGB8dJ5Kxlmt1Vlci3KQCuP1LXmnRq9y3Q=
github.com/frifox/ds5 v0.0.0-20211025012154-5e82bf017817/go.mod h1:qhyZgydU5s8PliI2uS4fynFmVHhkCxrm8xa+8uPKc9Y=
github.com/frifox/ds5 v0.0.0-20211031182041-b194c29701ce h1:XiiPjPOio1BXYVPeJCoqA1Pt3U8nLlCyzdhSFqtEyCw=
github.com/frifox/ds5 v0.0.0-20211031182041-b194c29701ce/go.mod h1:qhyZgydU5s8PliI2uS4fynFmVHhkCxrm8xa+8uPKc9Y=
github.com/frifox/ds5 v0.0.0-20211119225351-285288bbd1c8 h1:xo7mw3vhLmoIP1UqShByFjpKm9vPqhtl4IW6kGA+TYM=
github.com/frifox/ds5 v0.0.0-20211119225351-285288bbd1c8/go.mod h1:qhyZgydU5s8PliI2uS4fynFmVHhkCxrm8xa+8uPKc9Y=
github.com/frifox/ds5 v0.0.0-20211119231656-9b27d342df2a h1:gP26YiitqIhsvvDeDnL/QCbI3c8110GoEtZFlK8vNuU=
github.com/frifox/ds5 v0.0.0-20211119231656-9b27d342df2a/go.mod h1:7NKwHPLNfB4ml5MhRohlrRAJtvfpJILoYK2uoi+XURU=
github.com/frifox/visca v0.0.0-20211014022557-c953da941fdb h1:jefYfzzK7rVyrEjZ5bNCThF6/HrcjLITa7jVTsF1FAI=
github.com/frifox/visca v0.0.0-20211014022557-c953da941fdb/go.mod h1:92ySEkO9J96xsSfU3vBK0lxoFQ01Cdo+UN27pVAW0b0=
github.com/frifox/visca v0.0.0-20211014194227-560dc1fccbb6 h1:q7iCD0g2ubsz+nsZncwC/OkbjuR1v+Uh5rKz6NM/aQk=
github.com/frifox/visca v0.0.0-20211014194227-560dc1fccbb6/go.mod h1:92ySEkO9J96xsSfU3vBK0lxoFQ01Cdo+UN27pVAW0b0=
github.com/frifox/visca v0.0.0-20211014234248-6d1f0bb19f5c h1:2xCCdDJV2BWzztno/ZmJAurPO8/SaGqhFGbyfcjRQKU=
github.com/frifox/visca v0.0.0-20211014234248-6d1f0bb19f5c/go.mod h1:92ySEkO9J96xsSfU3vBK0lxoFQ01Cdo+UN27pVAW0b0=
github.com/frifox/visca v0.0.0-20211015040820-683ba8fc9755 h1:CHgfKNe8dnejlcBiwpr7g8ZN2cS11q2I+l9ne2k8/ME=
github.com/frifox/visca v0.0.0-20211015040820-683ba8fc9755/go.mod h1:92ySEkO9J96xsSfU3vBK0lxoFQ01Cdo+UN27pVAW0b0=
github.com/godbus/dbus/v5 v5.0.3/go.mod h1:xhWf0FNVPg57R7Z0UbKHbJfkEywrmjJnf7w5xrFpKfA=
github.com/godbus/dbus/v5 v5.0.5 h1:9Eg0XUhQxtkV8ykTMKtMMYY72g4NgxtRq4jgh4Ih5YM=
github.com/godbus/dbus/v5 v5.0.5/go.mod h1:xhWf0FNVPg57R7Z0UbKHbJfkEywrmjJnf7w5xrFpKfA=
github.com/godbus/dbus/v5 v5.0.6 h1:mkgN1ofwASrYnJ5W6U/BxG15eXXXjirgZc7CLqkcaro=
github.com/godbus/dbus/v5 v5.0.6/go.mod h1:xhWf0FNVPg57R7Z0UbKHbJfkEywrmjJnf7w5xrFpKfA=
github.com/google/uuid v1.1.1/go.mod h1:TIyPZe4MgqvfeYDBFedMoGGpEw/LqOeaOT+nhxU+yHo=
github.com/konsorten/go-windows-terminal-sequences v1.0.3/go.mod h1:T0+1ngSBFLxvqU3pZ+m/2kptfBszLMUkC4ZK/EgS/cQ=
github.com/kr/pty v1.1.1/go.mod h1:pFQYn66WHrOpPYNljwOMqo10TkYh1fy3cYio2l3bCsQ=
github.com/kr/text v0.1.0/go.mod h1:4Jbv+DJW3UT/LiOwJeYQe1efqtUx/iVham/4vfdArNI=
github.com/muka/go-bluetooth v0.0.0-20210812063148-b6c83362e27d h1:EG/xyWjHT19rkUpwsWSkyiCCmyqNwFovr9m10rhyOxU=
github.com/muka/go-bluetooth v0.0.0-20210812063148-b6c83362e27d/go.mod h1:dMCjicU6vRBk34dqOmIZm0aod6gUwZXOXzBROqGous0=
github.com/muka/go-bluetooth v0.0.0-20211023182635-c49e7c952f19 h1:xN9pngudDI32wVUMfwP8nCkXiib2ogLKQ7i2dPvTQ5U=
github.com/muka/go-bluetooth v0.0.0-20211023182635-c49e7c952f19/go.mod h1:dMCjicU6vRBk34dqOmIZm0aod6gUwZXOXzBROqGous0=
github.com/muka/go-bluetooth v0.0.0-20211109193629-8bd60d407484 h1:P8HaBE7Kkpv6o7nQx5vZvAZQzMtSUqLx5NMZV7wJCEk=
github.com/muka/go-bluetooth v0.0.0-20211109193629-8bd60d407484/go.mod h1:dMCjicU6vRBk34dqOmIZm0aod6gUwZXOXzBROqGous0=
github.com/niemeyer/pretty v0.0.0-20200227124842-a10e7caefd8e/go.mod h1:zD1mROLANZcx1PVRCS0qkT7pwLkGfwJo4zjcN/Tysno=
github.com/paypal/gatt v0.0.0-20151011220935-4ae819d591cf/go.mod h1:+AwQL2mK3Pd3S+TUwg0tYQjid0q1txyNUJuuSmz8Kdk=
github.com/pkg/errors v0.9.1/go.mod h1:bwawxfHBFNV+L2hUp1rHADufV3IMtnDRdf1r5NINEl0=
github.com/pmezard/go-difflib v1.0.0 h1:4DBwDE0NGyQoBHbLQYPwSUPoCMWR5BEzIk/f1lZbAQM=
github.com/pmezard/go-difflib v1.0.0/go.mod h1:iKH77koFhYxTK1pcRnkKkqfTogsbg7gZNVY4sRDYZ/4=
github.com/sirupsen/logrus v1.6.0/go.mod h1:7uNnSEd1DgxDLC74fIahvMZmmYsHGZGEOFrfsX/uA88=
github.com/sirupsen/logrus v1.8.1 h1:dJKuHgqk1NNQlqoA6BTlM1Wf9DOH3NBjQyu0h9+AZZE=
github.com/sirupsen/logrus v1.8.1/go.mod h1:yWOB1SBYBC5VeMP7gHvWumXLIWorT60ONWic61uBYv0=
github.com/sstallion/go-hid v0.0.0-20190621001400-1cf4630be9f4 h1:hczfXYN39SDj4FcN5J7sgHBtJm4U7ef2nvlonn6NvVU=
github.com/sstallion/go-hid v0.0.0-20190621001400-1cf4630be9f4/go.mod h1:JwBz6izP5UGcbYDU5VGeLkqpRIpSBDPtCB5/XnVXz9Q=
github.com/sstallion/go-hid v0.0.0-20211019232252-c64377bfa49e h1:I/6OqnP4mVfub3eeUqqlcIlXbBZtLhtLWuF8s2kip10=
github.com/sstallion/go-hid v0.0.0-20211019232252-c64377bfa49e/go.mod h1:JwBz6izP5UGcbYDU5VGeLkqpRIpSBDPtCB5/XnVXz9Q=
github.com/stretchr/objx v0.1.0/go.mod h1:HFkY916IF+rwdDfMAkV7OtwuqBVzrE8GR6GFx+wExME=
github.com/stretchr/testify v1.2.2/go.mod h1:a8OnRcib4nhh0OaRAV+Yts87kKdq0PP7pXfy6kDkUVs=
github.com/stretchr/testify v1.4.0 h1:2E4SXV/wtOkTonXsotYi4li6zVWxYlZuYNCXe9XRJyk=
github.com/stretchr/testify v1.4.0/go.mod h1:j7eGeouHqKxXV5pUuKE4zz7dFj8WfuZ+81PSLYec5m4=
github.com/stretchr/testify v1.6.1/go.mod h1:6Fq8oRcR53rry900zMqJjRRixrwX3KX962/h/Wwjteg=
github.com/suapapa/go_eddystone v1.3.1/go.mod h1:bXC11TfJOS+3g3q/Uzd7FKd5g62STQEfeEIhcKe4Qy8=
github.com/yuin/goldmark v1.2.1/go.mod h1:3hX8gzYuyVAZsxl0MRgGTJEmQBFcNTphYh9decYSb74=
go.bug.st/serial v1.3.3 h1:lOSLGmZSB7qU6pSOaZqlRholjC8SmmFTGv4ib9oPwYo=
go.bug.st/serial v1.3.3/go.mod h1:jDkjqASf/qSjmaOxHSHljwUQ6eHo/ZX/bxJLQqSlvZg=
golang.org/x/crypto v0.0.0-20190308221718-c2843e01d9a2/go.mod h1:djNgcEr1/C05ACkg1iLfiJU5Ep61QUkGW8qpdssI0+w=
golang.org/x/crypto v0.0.0-20191011191535-87dc89f01550/go.mod h1:yigFU9vqHzYiE8UmvKecakEJjdnWj3jj499lnFckfCI=
golang.org/x/crypto v0.0.0-20200622213623-75b288015ac9/go.mod h1:LzIPMQfyMNhhGPhUkYOs5KpL4U8rLKemX1yGLhDgUto=
golang.org/x/mod v0.3.0/go.mod h1:s0Qsj1ACt9ePp/hMypM3fl4fZqREWJwdYDEqhRiZZUA=
golang.org/x/net v0.0.0-20190404232315-eb5bcb51f2a3/go.mod h1:t9HGtf8HONx5eT2rtn7q6eTqICYqUVnKs3thJo3Qplg=
golang.org/x/net v0.0.0-20190620200207-3b0461eec859/go.mod h1:z5CRVTTTmAJ677TzLLGU+0bjPO0LkuOLi4/5GtJWs/s=
golang.org/x/net v0.0.0-20200822124328-c89045814202/go.mod h1:/O7V0waA8r7cgGh81Ro3o1hOxt32SMVPicZroKQ2sZA=
golang.org/x/sync v0.0.0-20190423024810-112230192c58/go.mod h1:RxMgew5VJxzue5/jJTE5uejpjVlOe/izrB70Jof72aM=
golang.org/x/sync v0.0.0-20200625203802-6e8e738ad208/go.mod h1:RxMgew5VJxzue5/jJTE5uejpjVlOe/izrB70Jof72aM=
golang.org/x/sys v0.0.0-20190215142949-d0b11bdaac8a/go.mod h1:STP8DvDyc/dI5b8T5hshtkjS+E42TnysNCUPdjciGhY=
golang.org/x/sys v0.0.0-20190412213103-97732733099d/go.mod h1:h1NjWce9XRLGQEsW7wpKNCjG9DtNlClVuFLEZdDNbEs=
golang.org/x/sys v0.0.0-20190422165155-953cdadca894/go.mod h1:h1NjWce9XRLGQEsW7wpKNCjG9DtNlClVuFLEZdDNbEs=
golang.org/x/sys v0.0.0-20191026070338-33540a1f6037/go.mod h1:h1NjWce9XRLGQEsW7wpKNCjG9DtNlClVuFLEZdDNbEs=
golang.org/x/sys v0.0.0-20200323222414-85ca7c5b95cd/go.mod h1:h1NjWce9XRLGQEsW7wpKNCjG9DtNlClVuFLEZdDNbEs=
golang.org/x/sys v0.0.0-20200728102440-3e129f6d46b1/go.mod h1:h1NjWce9XRLGQEsW7wpKNCjG9DtNlClVuFLEZdDNbEs=
golang.org/x/sys v0.0.0-20210823070655-63515b42dcdf h1:2ucpDCmfkl8Bd/FsLtiD653Wf96cW37s+iGx93zsu4k=
golang.org/x/sys v0.0.0-20210823070655-63515b42dcdf/go.mod h1:oPkhp1MJrh7nUepCBck5+mAzfO9JrbApNNgaTdGDITg=
golang.org/x/sys v0.0.0-20211013075003-97ac67df715c h1:taxlMj0D/1sOAuv/CbSD+MMDof2vbyPTqz5FNYKpXt8=
golang.org/x/sys v0.0.0-20211013075003-97ac67df715c/go.mod h1:oPkhp1MJrh7nUepCBck5+mAzfO9JrbApNNgaTdGDITg=
golang.org/x/sys v0.0.0-20211015200801-69063c4bb744 h1:KzbpndAYEM+4oHRp9JmB2ewj0NHHxO3Z0g7Gus2O1kk=
golang.org/x/sys v0.0.0-20211015200801-69063c4bb744/go.mod h1:oPkhp1MJrh7nUepCBck5+mAzfO9JrbApNNgaTdGDITg=
golang.org/x/sys v0.0.0-20211019181941-9d821ace8654 h1:id054HUawV2/6IGm2IV8KZQjqtwAOo2CYlOToYqa0d0=
golang.org/x/sys v0.0.0-20211019181941-9d821ace8654/go.mod h1:oPkhp1MJrh7nUepCBck5+mAzfO9JrbApNNgaTdGDITg=
golang.org/x/sys v0.0.0-20211023085530-d6a326fbbf70 h1:SeSEfdIxyvwGJliREIJhRPPXvW6sDlLT+UQ3B0hD0NA=
golang.org/x/sys v0.0.0-20211023085530-d6a326fbbf70/go.mod h1:oPkhp1MJrh7nUepCBck5+mAzfO9JrbApNNgaTdGDITg=
golang.org/x/sys v0.0.0-20211031064116-611d5d643895 h1:iaNpwpnrgL5jzWS0vCNnfa8HqzxveCFpFx3uC/X4Tps=
golang.org/x/sys v0.0.0-20211031064116-611d5d643895/go.mod h1:oPkhp1MJrh7nUepCBck5+mAzfO9JrbApNNgaTdGDITg=
golang.org/x/sys v0.0.0-20211117180635-dee7805ff2e1 h1:kwrAHlwJ0DUBZwQ238v+Uod/3eZ8B2K5rYsUHBQvzmI=
golang.org/x/sys v0.0.0-20211117180635-dee7805ff2e1/go.mod h1:oPkhp1MJrh7nUepCBck5+mAzfO9JrbApNNgaTdGDITg=
golang.org/x/text v0.3.0/go.mod h1:NqM8EUOU14njkJ3fqMW+pc6Ldnwhi/IjpwHt7yyuwOQ=
golang.org/x/tools v0.0.0-20191119224855-298f0cb1881e/go.mod h1:b+2E5dAYhXwXZwtnZ6UAqBI28+e2cm9otk0dWdXHAEo=
golang.org/x/tools v0.0.0-20200925191224-5d1fdd8fa346/go.mod h1:z6u4i615ZeAfBE4XtMziQW1fSVJXACjjbWkB/mvPzlU=
golang.org/x/xerrors v0.0.0-20190717185122-a985d3407aa7/go.mod h1:I/5z698sn9Ka8TeJc9MKroUUfqBBauWjQqLJ2OPfmY0=
golang.org/x/xerrors v0.0.0-20191011141410-1b5146add898/go.mod h1:I/5z698sn9Ka8TeJc9MKroUUfqBBauWjQqLJ2OPfmY0=
golang.org/x/xerrors v0.0.0-20200804184101-5ec99f83aff1/go.mod h1:I/5z698sn9Ka8TeJc9MKroUUfqBBauWjQqLJ2OPfmY0=
gopkg.in/check.v1 v0.0.0-20161208181325-20d25e280405/go.mod h1:Co6ibVJAznAaIkqp8huTwlJQCZ016jof/cbN4VW5Yz0=
gopkg.in/check.v1 v1.0.0-20200227125254-8fa46927fb4f/go.mod h1:Co6ibVJAznAaIkqp8huTwlJQCZ016jof/cbN4VW5Yz0=
gopkg.in/yaml.v2 v2.2.2 h1:ZCJp+EgiOT7lHqUV2J862kp8Qj64Jo6az82+3Td9dZw=
gopkg.in/yaml.v2 v2.2.2/go.mod h1:hI93XBmqTisBFMUTm0b8Fm+jr3Dg1NNxqwp+5A1VGuI=
gopkg.in/yaml.v3 v3.0.0-20200313102051-9f266ea9e77c/go.mod h1:K4uyk7z7BCEPqu6E+C64Yfv1cQ7kz7rIZviUmN+EgEM=
